
Microsoft Visual Studio Solution File, Format Version 9.00
# Visual Studio 2005
Project("{8BC9CEB8-8B4A-11D0-8D11-00A0C91BC942}") = "msports", "msports.vcproj", "{289BC2CA-56A2-447D-8C8F-CF701E789C7A}"
EndProject
Global
	GlobalSection(SolutionConfigurationPlatforms) = preSolution
		Debug|Win32 = Debug|Win32
		Release|Win32 = Release|Win32
	EndGlobalSection
	GlobalSection(ProjectConfigurationPlatforms) = postSolution
		{289BC2CA-56A2-447D-8C8F-CF701E789C7A}.Debug|Win32.ActiveCfg = Debug|Win32
		{289BC2CA-56A2-447D-8C8F-CF701E789C7A}.Debug|Win32.Build.0 = Debug|Win32
		{289BC2CA-56A2-447D-8C8F-CF701E789C7A}.Release|Win32.ActiveCfg = Release|Win32
		{289BC2CA-56A2-447D-8C8F-CF701E789C7A}.Release|Win32.Build.0 = Release|Win32
	EndGlobalSection
	GlobalSection(SolutionProperties) = preSolution
		HideSolutionNode = FALSE
	EndGlobalSection
EndGlobal
